
Microsoft Visual Studio Solution File, Format Version 12.00
# Visual Studio Version 16
VisualStudioVersion = 16.0.31702.278
MinimumVisualStudioVersion = 10.0.40219.1
Project("{FAE04EC0-301F-11D3-BF4B-00C04F79EFBC}") = "Library App - 3 Tier", "Library App - 3 Tier\Library App - 3 Tier.csproj", "{56F25448-BB23-416C-B327-649DE97D9DEE}"
EndProject
Project("{FAE04EC0-301F-11D3-BF4B-00C04F79EFBC}") = "BLL", "BLL\BLL.csproj", "{76662CF3-A747-42B7-A1B1-D91BFCCE2624}"
EndProject
Project("{FAE04EC0-301F-11D3-BF4B-00C04F79EFBC}") = "DAL", "DAL\DAL.csproj", "{AC13E104-6A53-4814-989E-49343EA0E822}"
EndProject
Global
	GlobalSection(SolutionConfigurationPlatforms) = preSolution
		Debug|Any CPU = Debug|Any CPU
		Release|Any CPU = Release|Any CPU
	EndGlobalSection
	GlobalSection(ProjectConfigurationPlatforms) = postSolution
		{56F25448-BB23-416C-B327-649DE97D9DEE}.Debug|Any CPU.ActiveCfg = Debug|Any CPU
		{56F25448-BB23-416C-B327-649DE97D9DEE}.Debug|Any CPU.Build.0 = Debug|Any CPU
		{56F25448-BB23-416C-B327-649DE97D9DEE}.Release|Any CPU.ActiveCfg = Release|Any CPU
		{56F25448-BB23-416C-B327-649DE97D9DEE}.Release|Any CPU.Build.0 = Release|Any CPU
		{76662CF3-A747-42B7-A1B1-D91BFCCE2624}.Debug|Any CPU.ActiveCfg = Debug|Any CPU
		{76662CF3-A747-42B7-A1B1-D91BFCCE2624}.Debug|Any CPU.Build.0 = Debug|Any CPU
		{76662CF3-A747-42B7-A1B1-D91BFCCE2624}.Release|Any CPU.ActiveCfg = Release|Any CPU
		{76662CF3-A747-42B7-A1B1-D91BFCCE2624}.Release|Any CPU.Build.0 = Release|Any CPU
		{AC13E104-6A53-4814-989E-49343EA0E822}.Debug|Any CPU.ActiveCfg = Debug|Any CPU
		{AC13E104-6A53-4814-989E-49343EA0E822}.Debug|Any CPU.Build.0 = Debug|Any CPU
		{AC13E104-6A53-4814-989E-49343EA0E822}.Release|Any CPU.ActiveCfg = Release|Any CPU
		{AC13E104-6A53-4814-989E-49343EA0E822}.Release|Any CPU.Build.0 = Release|Any CPU
	EndGlobalSection
	GlobalSection(SolutionProperties) = preSolution
		HideSolutionNode = FALSE
	EndGlobalSection
	GlobalSection(ExtensibilityGlobals) = postSolution
		SolutionGuid = {FA61472B-2FB0-4B51-A0D0-661F558D3186}
	EndGlobalSection
EndGlobal
